
Microsoft Visual Studio Solution File, Format Version 12.00
# Visual Studio 15
VisualStudioVersion = 15.0.28010.2048
MinimumVisualStudioVersion = 10.0.40219.1
Project("{9A19103F-16F7-4668-BE54-9A1E7A4F7556}") = "DataBaseRepository", "DataBaseRepository\DataBaseRepository.csproj", "{407F2DAB-6634-4175-A26A-EE1E08AC9FDB}"
EndProject
Project("{9A19103F-16F7-4668-BE54-9A1E7A4F7556}") = "StoreManagement", "StoreManagement\StoreManagement.csproj", "{1AF3387A-15A8-4C7E-A62F-776D5918E056}"
EndProject
Global
	GlobalSection(SolutionConfigurationPlatforms) = preSolution
		Debug|Any CPU = Debug|Any CPU
		Release|Any CPU = Release|Any CPU
	EndGlobalSection
	GlobalSection(ProjectConfigurationPlatforms) = postSolution
		{407F2DAB-6634-4175-A26A-EE1E08AC9FDB}.Debug|Any CPU.ActiveCfg = Debug|Any CPU
		{407F2DAB-6634-4175-A26A-EE1E08AC9FDB}.Debug|Any CPU.Build.0 = Debug|Any CPU
		{407F2DAB-6634-4175-A26A-EE1E08AC9FDB}.Release|Any CPU.ActiveCfg = Release|Any CPU
		{407F2DAB-6634-4175-A26A-EE1E08AC9FDB}.Release|Any CPU.Build.0 = Release|Any CPU
		{1AF3387A-15A8-4C7E-A62F-776D5918E056}.Debug|Any CPU.ActiveCfg = Debug|Any CPU
		{1AF3387A-15A8-4C7E-A62F-776D5918E056}.Debug|Any CPU.Build.0 = Debug|Any CPU
		{1AF3387A-15A8-4C7E-A62F-776D5918E056}.Release|Any CPU.ActiveCfg = Release|Any CPU
		{1AF3387A-15A8-4C7E-A62F-776D5918E056}.Release|Any CPU.Build.0 = Release|Any CPU
	EndGlobalSection
	GlobalSection(SolutionProperties) = preSolution
		HideSolutionNode = FALSE
	EndGlobalSection
	GlobalSection(ExtensibilityGlobals) = postSolution
		SolutionGuid = {F0A8F005-0329-4228-B35E-38C995001EE3}
	EndGlobalSection
EndGlobal
